
Microsoft Visual Studio Solution File, Format Version 12.00
# Visual Studio Version 17
VisualStudioVersion = 17.4.33205.214
MinimumVisualStudioVersion = 10.0.40219.1
Project("{888888A0-9F3D-457C-B088-3A5042F75D52}") = "FileHashComparison", "FileHashComparison.pyproj", "{752BD127-E88A-4E1B-B819-1EF431B895F2}"
EndProject
Global
	GlobalSection(SolutionConfigurationPlatforms) = preSolution
		Debug|Any CPU = Debug|Any CPU
		Release|Any CPU = Release|Any CPU
	EndGlobalSection
	GlobalSection(ProjectConfigurationPlatforms) = postSolution
		{752BD127-E88A-4E1B-B819-1EF431B895F2}.Debug|Any CPU.ActiveCfg = Debug|Any CPU
		{752BD127-E88A-4E1B-B819-1EF431B895F2}.Release|Any CPU.ActiveCfg = Release|Any CPU
	EndGlobalSection
	GlobalSection(SolutionProperties) = preSolution
		HideSolutionNode = FALSE
	EndGlobalSection
	GlobalSection(ExtensibilityGlobals) = postSolution
		SolutionGuid = {25406224-292C-430B-91BA-EC2D56757B97}
	EndGlobalSection
EndGlobal
